{
  "name": "nanoid-generate",
  "version": "1.0.0",
  "lockfileVersion": 1,
  "requires": true,
  "dependencies": {
    "nanoid": {
      "version": "2.0.0",
      "resolved": "https://registry.npmjs.org/nanoid/-/nanoid-2.0.0.tgz",
      "integrity": "sha512-SG2qscLE3iM4C0CNzGrsAojJHSVHMS1J8NnvJ31P1lH8P0hGHOiafmniNJz6w6q7vuoDlV7RdySlJgtqkFEVtQ=="
    },
    "nanoid-dictionary": {
      "version": "2.0.0",
      "resolved": "https://registry.npmjs.org/nanoid-dictionary/-/nanoid-dictionary-2.0.0.tgz",
      "integrity": "sha512-mjMNB0yg2lH6stvxeZs2sBFhwhMwoYdbevPT5DYMxk8iDTI3vAZ6YAvHm+uBFT4VvGITpPpBX1U0sWVRTlPzOA=="
    }
  }
}
